
Microsoft Visual Studio Solution File, Format Version 12.00
# Visual Studio Version 16
VisualStudioVersion = 16.0.29306.81
MinimumVisualStudioVersion = 10.0.40219.1
Project("{FAE04EC0-301F-11D3-BF4B-00C04F79EFBC}") = "Uravnenie_last_vers", "Uravnenie_last_vers\Uravnenie_last_vers.csproj", "{034BE896-FD97-4A43-A798-3914F3929679}"
EndProject
Global
	GlobalSection(SolutionConfigurationPlatforms) = preSolution
		Debug|Any CPU = Debug|Any CPU
		Release|Any CPU = Release|Any CPU
	EndGlobalSection
	GlobalSection(ProjectConfigurationPlatforms) = postSolution
		{034BE896-FD97-4A43-A798-3914F3929679}.Debug|Any CPU.ActiveCfg = Debug|Any CPU
		{034BE896-FD97-4A43-A798-3914F3929679}.Debug|Any CPU.Build.0 = Debug|Any CPU
		{034BE896-FD97-4A43-A798-3914F3929679}.Release|Any CPU.ActiveCfg = Release|Any CPU
		{034BE896-FD97-4A43-A798-3914F3929679}.Release|Any CPU.Build.0 = Release|Any CPU
	EndGlobalSection
	GlobalSection(SolutionProperties) = preSolution
		HideSolutionNode = FALSE
	EndGlobalSection
	GlobalSection(ExtensibilityGlobals) = postSolution
		SolutionGuid = {55B23424-29EC-4252-AE53-44E4F1238C21}
	EndGlobalSection
EndGlobal
